al.essio.dev/pkg/hdiutil v0.1.0 h1:BMbykE3AyjId3qbetl5kSeTdUehcS24bCoFMbsAwU00=
al.essio.dev/pkg/hdiutil v0.1.0/go.mod h1:p7HBuu5IhFqjMCxrFnZ7/GBCWTMRTRmuLJEk7kIlhJo=
al.essio.dev/pkg/hdiutil v0.1.1-0.20260307073641-fbc4718da097 h1:WTUehdo4keiIO+f46WnY6L2hA8FwBpDSBuQdmnBr5XU=
al.essio.dev/pkg/hdiutil v0.1.1-0.20260307073641-fbc4718da097/go.mod h1:p7HBuu5IhFqjMCxrFnZ7/GBCWTMRTRmuLJEk7kIlhJo=
